
Microsoft Visual Studio Solution File, Format Version 12.00
# Visual Studio Version 16
VisualStudioVersion = 16.0.30413.136
MinimumVisualStudioVersion = 10.0.40219.1
Project("{FAE04EC0-301F-11D3-BF4B-00C04F79EFBC}") = "CPetMain", "CPetMain\CPetMain.csproj", "{6B16CACE-FBC1-4E7F-9EC3-B75626EDBB7B}"
EndProject
Project("{FAE04EC0-301F-11D3-BF4B-00C04F79EFBC}") = "Common", "Common\Common.csproj", "{CE6354BA-6B04-40AD-A8C5-4D3AF9D090F7}"
EndProject
Project("{FAE04EC0-301F-11D3-BF4B-00C04F79EFBC}") = "Plugin.Express", "Plugin\Plugin.Express\Plugin.Express.csproj", "{560BD957-F0EB-4D94-9B84-CF940493D55B}"
EndProject
Project("{2150E333-8FDC-42A3-9474-1A3956D46DE8}") = "Plugin", "Plugin", "{F92612F3-998A-44EB-AD85-27EDA69D604E}"
EndProject
Project("{FAE04EC0-301F-11D3-BF4B-00C04F79EFBC}") = "Plugin.Ocr", "Plugin\Plugin.Ocr\Plugin.Ocr.csproj", "{73155034-B720-4581-8147-01E35CD8F955}"
EndProject
Project("{FAE04EC0-301F-11D3-BF4B-00C04F79EFBC}") = "Plugin.Weather", "Plugin\Plugin.Weather\Plugin.Weather.csproj", "{E648032A-900B-4E45-96F8-B92A0C4FEAB0}"
EndProject
Project("{2150E333-8FDC-42A3-9474-1A3956D46DE8}") = "Tools", "Tools", "{BC8A0BAC-679F-4387-B3D2-F97503231925}"
EndProject
Project("{FAE04EC0-301F-11D3-BF4B-00C04F79EFBC}") = "Tools.AutoShutdown", "Tools\Tools.AutoShutdown\Tools.AutoShutdown.csproj", "{DBCA01FF-09F7-4AF2-B17F-6A945800CB5C}"
EndProject
Project("{FAE04EC0-301F-11D3-BF4B-00C04F79EFBC}") = "Tools.FormatJson", "Tools\Tools.FormatJson\Tools.FormatJson.csproj", "{7878D6E3-5421-4914-BF8B-A7FCC7EAFF66}"
EndProject
Project("{FAE04EC0-301F-11D3-BF4B-00C04F79EFBC}") = "Tools.Notes", "Tools\Tools.Notes\Tools.Notes.csproj", "{1838BB09-8730-4618-B6DC-079282F5D4A6}"
EndProject
Project("{FAE04EC0-301F-11D3-BF4B-00C04F79EFBC}") = "Tools.PicThumb", "Tools\Tools.PicThumb\Tools.PicThumb.csproj", "{E9E45E94-81B7-498E-B9A0-193B394B50A6}"
EndProject
Project("{FAE04EC0-301F-11D3-BF4B-00C04F79EFBC}") = "Tools.ScreenCut", "Tools\Tools.ScreenCut\Tools.ScreenCut.csproj", "{1AF1A936-24D5-4F9E-BB2C-AD903CFFA204}"
EndProject
Project("{FAE04EC0-301F-11D3-BF4B-00C04F79EFBC}") = "Plugin.Password", "Plugin\Plugin.Password\Plugin.Password.csproj", "{D0E0AB56-DA5D-4E1B-8334-AB804D0ACEC1}"
EndProject
Global
	GlobalSection(SolutionConfigurationPlatforms) = preSolution
		Debug|Any CPU = Debug|Any CPU
		Release|Any CPU = Release|Any CPU
	EndGlobalSection
	GlobalSection(ProjectConfigurationPlatforms) = postSolution
		{6B16CACE-FBC1-4E7F-9EC3-B75626EDBB7B}.Debug|Any CPU.ActiveCfg = Debug|Any CPU
		{6B16CACE-FBC1-4E7F-9EC3-B75626EDBB7B}.Debug|Any CPU.Build.0 = Debug|Any CPU
		{6B16CACE-FBC1-4E7F-9EC3-B75626EDBB7B}.Release|Any CPU.ActiveCfg = Release|Any CPU
		{6B16CACE-FBC1-4E7F-9EC3-B75626EDBB7B}.Release|Any CPU.Build.0 = Release|Any CPU
		{CE6354BA-6B04-40AD-A8C5-4D3AF9D090F7}.Debug|Any CPU.ActiveCfg = Debug|Any CPU
		{CE6354BA-6B04-40AD-A8C5-4D3AF9D090F7}.Debug|Any CPU.Build.0 = Debug|Any CPU
		{CE6354BA-6B04-40AD-A8C5-4D3AF9D090F7}.Release|Any CPU.ActiveCfg = Release|Any CPU
		{CE6354BA-6B04-40AD-A8C5-4D3AF9D090F7}.Release|Any CPU.Build.0 = Release|Any CPU
		{560BD957-F0EB-4D94-9B84-CF940493D55B}.Debug|Any CPU.ActiveCfg = Debug|Any CPU
		{560BD957-F0EB-4D94-9B84-CF940493D55B}.Debug|Any CPU.Build.0 = Debug|Any CPU
		{560BD957-F0EB-4D94-9B84-CF940493D55B}.Release|Any CPU.ActiveCfg = Release|Any CPU
		{560BD957-F0EB-4D94-9B84-CF940493D55B}.Release|Any CPU.Build.0 = Release|Any CPU
		{73155034-B720-4581-8147-01E35CD8F955}.Debug|Any CPU.ActiveCfg = Debug|Any CPU
		{73155034-B720-4581-8147-01E35CD8F955}.Debug|Any CPU.Build.0 = Debug|Any CPU
		{73155034-B720-4581-8147-01E35CD8F955}.Release|Any CPU.ActiveCfg = Release|Any CPU
		{73155034-B720-4581-8147-01E35CD8F955}.Release|Any CPU.Build.0 = Release|Any CPU
		{E648032A-900B-4E45-96F8-B92A0C4FEAB0}.Debug|Any CPU.ActiveCfg = Debug|Any CPU
		{E648032A-900B-4E45-96F8-B92A0C4FEAB0}.Debug|Any CPU.Build.0 = Debug|Any CPU
		{E648032A-900B-4E45-96F8-B92A0C4FEAB0}.Release|Any CPU.ActiveCfg = Release|Any CPU
		{E648032A-900B-4E45-96F8-B92A0C4FEAB0}.Release|Any CPU.Build.0 = Release|Any CPU
		{DBCA01FF-09F7-4AF2-B17F-6A945800CB5C}.Debug|Any CPU.ActiveCfg = Debug|Any CPU
		{DBCA01FF-09F7-4AF2-B17F-6A945800CB5C}.Debug|Any CPU.Build.0 = Debug|Any CPU
		{DBCA01FF-09F7-4AF2-B17F-6A945800CB5C}.Release|Any CPU.ActiveCfg = Release|Any CPU
		{DBCA01FF-09F7-4AF2-B17F-6A945800CB5C}.Release|Any CPU.Build.0 = Release|Any CPU
		{7878D6E3-5421-4914-BF8B-A7FCC7EAFF66}.Debug|Any CPU.ActiveCfg = Debug|Any CPU
		{7878D6E3-5421-4914-BF8B-A7FCC7EAFF66}.Debug|Any CPU.Build.0 = Debug|Any CPU
		{7878D6E3-5421-4914-BF8B-A7FCC7EAFF66}.Release|Any CPU.ActiveCfg = Release|Any CPU
		{7878D6E3-5421-4914-BF8B-A7FCC7EAFF66}.Release|Any CPU.Build.0 = Release|Any CPU
		{1838BB09-8730-4618-B6DC-079282F5D4A6}.Debug|Any CPU.ActiveCfg = Debug|Any CPU
		{1838BB09-8730-4618-B6DC-079282F5D4A6}.Debug|Any CPU.Build.0 = Debug|Any CPU
		{1838BB09-8730-4618-B6DC-079282F5D4A6}.Release|Any CPU.ActiveCfg = Release|Any CPU
		{1838BB09-8730-4618-B6DC-079282F5D4A6}.Release|Any CPU.Build.0 = Release|Any CPU
		{E9E45E94-81B7-498E-B9A0-193B394B50A6}.Debug|Any CPU.ActiveCfg = Debug|Any CPU
		{E9E45E94-81B7-498E-B9A0-193B394B50A6}.Debug|Any CPU.Build.0 = Debug|Any CPU
		{E9E45E94-81B7-498E-B9A0-193B394B50A6}.Release|Any CPU.ActiveCfg = Release|Any CPU
		{E9E45E94-81B7-498E-B9A0-193B394B50A6}.Release|Any CPU.Build.0 = Release|Any CPU
		{1AF1A936-24D5-4F9E-BB2C-AD903CFFA204}.Debug|Any CPU.ActiveCfg = Debug|Any CPU
		{1AF1A936-24D5-4F9E-BB2C-AD903CFFA204}.Debug|Any CPU.Build.0 = Debug|Any CPU
		{1AF1A936-24D5-4F9E-BB2C-AD903CFFA204}.Release|Any CPU.ActiveCfg = Release|Any CPU
		{1AF1A936-24D5-4F9E-BB2C-AD903CFFA204}.Release|Any CPU.Build.0 = Release|Any CPU
		{D0E0AB56-DA5D-4E1B-8334-AB804D0ACEC1}.Debug|Any CPU.ActiveCfg = Debug|Any CPU
		{D0E0AB56-DA5D-4E1B-8334-AB804D0ACEC1}.Debug|Any CPU.Build.0 = Debug|Any CPU
		{D0E0AB56-DA5D-4E1B-8334-AB804D0ACEC1}.Release|Any CPU.ActiveCfg = Release|Any CPU
		{D0E0AB56-DA5D-4E1B-8334-AB804D0ACEC1}.Release|Any CPU.Build.0 = Release|Any CPU
	EndGlobalSection
	GlobalSection(SolutionProperties) = preSolution
		HideSolutionNode = FALSE
	EndGlobalSection
	GlobalSection(NestedProjects) = preSolution
		{560BD957-F0EB-4D94-9B84-CF940493D55B} = {F92612F3-998A-44EB-AD85-27EDA69D604E}
		{73155034-B720-4581-8147-01E35CD8F955} = {F92612F3-998A-44EB-AD85-27EDA69D604E}
		{E648032A-900B-4E45-96F8-B92A0C4FEAB0} = {F92612F3-998A-44EB-AD85-27EDA69D604E}
		{DBCA01FF-09F7-4AF2-B17F-6A945800CB5C} = {BC8A0BAC-679F-4387-B3D2-F97503231925}
		{7878D6E3-5421-4914-BF8B-A7FCC7EAFF66} = {BC8A0BAC-679F-4387-B3D2-F97503231925}
		{1838BB09-8730-4618-B6DC-079282F5D4A6} = {BC8A0BAC-679F-4387-B3D2-F97503231925}
		{E9E45E94-81B7-498E-B9A0-193B394B50A6} = {BC8A0BAC-679F-4387-B3D2-F97503231925}
		{1AF1A936-24D5-4F9E-BB2C-AD903CFFA204} = {BC8A0BAC-679F-4387-B3D2-F97503231925}
		{D0E0AB56-DA5D-4E1B-8334-AB804D0ACEC1} = {F92612F3-998A-44EB-AD85-27EDA69D604E}
	EndGlobalSection
	GlobalSection(ExtensibilityGlobals) = postSolution
		SolutionGuid = {C343EE53-1F97-4188-976F-2470B30EE27A}
	EndGlobalSection
EndGlobal
